
Microsoft Visual Studio Solution File, Format Version 12.00
# Visual Studio Version 17
VisualStudioVersion = 17.13.35931.197
MinimumVisualStudioVersion = 10.0.40219.1
Project("{FAE04EC0-301F-11D3-BF4B-00C04F79EFBC}") = "SimpleService", "SimpleService\SimpleService.csproj", "{A43EA5D6-18DC-4FB1-9524-9B5902D3B846}"
EndProject
Global
	GlobalSection(SolutionConfigurationPlatforms) = preSolution
		Debug|Any CPU = Debug|Any CPU
		Release|Any CPU = Release|Any CPU
	EndGlobalSection
	GlobalSection(ProjectConfigurationPlatforms) = postSolution
		{A43EA5D6-18DC-4FB1-9524-9B5902D3B846}.Debug|Any CPU.ActiveCfg = Debug|Any CPU
		{A43EA5D6-18DC-4FB1-9524-9B5902D3B846}.Debug|Any CPU.Build.0 = Debug|Any CPU
		{A43EA5D6-18DC-4FB1-9524-9B5902D3B846}.Release|Any CPU.ActiveCfg = Release|Any CPU
		{A43EA5D6-18DC-4FB1-9524-9B5902D3B846}.Release|Any CPU.Build.0 = Release|Any CPU
	EndGlobalSection
	GlobalSection(SolutionProperties) = preSolution
		HideSolutionNode = FALSE
	EndGlobalSection
	GlobalSection(ExtensibilityGlobals) = postSolution
		SolutionGuid = {ECD45CE4-1004-4C5F-851E-773125510C0A}
	EndGlobalSection
EndGlobal
